
Microsoft Visual Studio Solution File, Format Version 12.00
# Visual Studio Version 17
VisualStudioVersion = 17.10.34818.151
MinimumVisualStudioVersion = 10.0.40219.1
Project("{FAE04EC0-301F-11D3-BF4B-00C04F79EFBC}") = "Archivos Secuenciales Indexados", "Archivos Secuenciales Indexados\Archivos Secuenciales Indexados.csproj", "{E8FC7D1D-6020-4C31-8D69-977B4B8BE7DC}"
EndProject
Global
	GlobalSection(SolutionConfigurationPlatforms) = preSolution
		Debug|Any CPU = Debug|Any CPU
		Release|Any CPU = Release|Any CPU
	EndGlobalSection
	GlobalSection(ProjectConfigurationPlatforms) = postSolution
		{E8FC7D1D-6020-4C31-8D69-977B4B8BE7DC}.Debug|Any CPU.ActiveCfg = Debug|Any CPU
		{E8FC7D1D-6020-4C31-8D69-977B4B8BE7DC}.Debug|Any CPU.Build.0 = Debug|Any CPU
		{E8FC7D1D-6020-4C31-8D69-977B4B8BE7DC}.Release|Any CPU.ActiveCfg = Release|Any CPU
		{E8FC7D1D-6020-4C31-8D69-977B4B8BE7DC}.Release|Any CPU.Build.0 = Release|Any CPU
	EndGlobalSection
	GlobalSection(SolutionProperties) = preSolution
		HideSolutionNode = FALSE
	EndGlobalSection
	GlobalSection(ExtensibilityGlobals) = postSolution
		SolutionGuid = {E2A252AC-CE3D-4806-91C4-3335C96A6139}
	EndGlobalSection
EndGlobal
